
Microsoft Visual Studio Solution File, Format Version 12.00
# Visual Studio 2013
VisualStudioVersion = 12.0.31101.0
MinimumVisualStudioVersion = 10.0.40219.1
Project("{FAE04EC0-301F-11D3-BF4B-00C04F79EFBC}") = "GeoAdServer.Domain", "GeoAdServer.Domain\GeoAdServer.Domain.csproj", "{C63BEA95-6E89-4BD2-A2B1-EE4A3F710E38}"
EndProject
Project("{FAE04EC0-301F-11D3-BF4B-00C04F79EFBC}") = "GeoAdServer.Postgresql", "GeoAdServer.Postgresql\GeoAdServer.Postgresql.csproj", "{23D0BE42-EA46-4F6F-9A45-BF743A8DF3C7}"
EndProject
Project("{FAE04EC0-301F-11D3-BF4B-00C04F79EFBC}") = "GeoAdServer.Domain.ContractsImplementations.Test", "GeoAdServer.Domain.ContractsImplementations.Test\GeoAdServer.Domain.ContractsImplementations.Test.csproj", "{5935DBB7-8026-4E24-B097-50E0D03A289D}"
EndProject
Project("{FAE04EC0-301F-11D3-BF4B-00C04F79EFBC}") = "GeoAdServer.WebApi", "GeoAdServer.WebApi\GeoAdServer.WebApi.csproj", "{2483F5A8-44E0-4ABE-9453-03FFA2D5E971}"
EndProject
Project("{FAE04EC0-301F-11D3-BF4B-00C04F79EFBC}") = "GeoAdServer.DataAccess", "GeoAdServer.DataAccess\GeoAdServer.DataAccess.csproj", "{4D8B54D3-E5A3-402E-A5E8-86E4A9AAA7DE}"
EndProject
Project("{FAE04EC0-301F-11D3-BF4B-00C04F79EFBC}") = "GeoAdServer.EventsHandling", "GeoAdServer.EventsHandling\GeoAdServer.EventsHandling.csproj", "{96705535-97E5-4A9D-8126-47D78B8EC0BE}"
EndProject
Global
	GlobalSection(SolutionConfigurationPlatforms) = preSolution
		Debug|Any CPU = Debug|Any CPU
		Release|Any CPU = Release|Any CPU
	EndGlobalSection
	GlobalSection(ProjectConfigurationPlatforms) = postSolution
		{C63BEA95-6E89-4BD2-A2B1-EE4A3F710E38}.Debug|Any CPU.ActiveCfg = Debug|Any CPU
		{C63BEA95-6E89-4BD2-A2B1-EE4A3F710E38}.Debug|Any CPU.Build.0 = Debug|Any CPU
		{C63BEA95-6E89-4BD2-A2B1-EE4A3F710E38}.Release|Any CPU.ActiveCfg = Release|Any CPU
		{C63BEA95-6E89-4BD2-A2B1-EE4A3F710E38}.Release|Any CPU.Build.0 = Release|Any CPU
		{23D0BE42-EA46-4F6F-9A45-BF743A8DF3C7}.Debug|Any CPU.ActiveCfg = Debug|Any CPU
		{23D0BE42-EA46-4F6F-9A45-BF743A8DF3C7}.Debug|Any CPU.Build.0 = Debug|Any CPU
		{23D0BE42-EA46-4F6F-9A45-BF743A8DF3C7}.Release|Any CPU.ActiveCfg = Release|Any CPU
		{23D0BE42-EA46-4F6F-9A45-BF743A8DF3C7}.Release|Any CPU.Build.0 = Release|Any CPU
		{5935DBB7-8026-4E24-B097-50E0D03A289D}.Debug|Any CPU.ActiveCfg = Debug|Any CPU
		{5935DBB7-8026-4E24-B097-50E0D03A289D}.Debug|Any CPU.Build.0 = Debug|Any CPU
		{5935DBB7-8026-4E24-B097-50E0D03A289D}.Release|Any CPU.ActiveCfg = Release|Any CPU
		{5935DBB7-8026-4E24-B097-50E0D03A289D}.Release|Any CPU.Build.0 = Release|Any CPU
		{2483F5A8-44E0-4ABE-9453-03FFA2D5E971}.Debug|Any CPU.ActiveCfg = Debug|Any CPU
		{2483F5A8-44E0-4ABE-9453-03FFA2D5E971}.Debug|Any CPU.Build.0 = Debug|Any CPU
		{2483F5A8-44E0-4ABE-9453-03FFA2D5E971}.Release|Any CPU.ActiveCfg = Release|Any CPU
		{2483F5A8-44E0-4ABE-9453-03FFA2D5E971}.Release|Any CPU.Build.0 = Release|Any CPU
		{4D8B54D3-E5A3-402E-A5E8-86E4A9AAA7DE}.Debug|Any CPU.ActiveCfg = Debug|Any CPU
		{4D8B54D3-E5A3-402E-A5E8-86E4A9AAA7DE}.Debug|Any CPU.Build.0 = Debug|Any CPU
		{4D8B54D3-E5A3-402E-A5E8-86E4A9AAA7DE}.Release|Any CPU.ActiveCfg = Release|Any CPU
		{4D8B54D3-E5A3-402E-A5E8-86E4A9AAA7DE}.Release|Any CPU.Build.0 = Release|Any CPU
		{96705535-97E5-4A9D-8126-47D78B8EC0BE}.Debug|Any CPU.ActiveCfg = Debug|Any CPU
		{96705535-97E5-4A9D-8126-47D78B8EC0BE}.Debug|Any CPU.Build.0 = Debug|Any CPU
		{96705535-97E5-4A9D-8126-47D78B8EC0BE}.Release|Any CPU.ActiveCfg = Release|Any CPU
		{96705535-97E5-4A9D-8126-47D78B8EC0BE}.Release|Any CPU.Build.0 = Release|Any CPU
	EndGlobalSection
	GlobalSection(SolutionProperties) = preSolution
		HideSolutionNode = FALSE
	EndGlobalSection
EndGlobal
